
Microsoft Visual Studio Solution File, Format Version 12.00
# Visual Studio Version 16
VisualStudioVersion = 16.0.31424.327
MinimumVisualStudioVersion = 10.0.40219.1
Project("{FAE04EC0-301F-11D3-BF4B-00C04F79EFBC}") = "calculator", "calculator\calculator.csproj", "{788EF8D6-019E-4907-B5E9-0CF69DADFE82}"
EndProject
Global
	GlobalSection(SolutionConfigurationPlatforms) = preSolution
		Debug|Any CPU = Debug|Any CPU
		Release|Any CPU = Release|Any CPU
	EndGlobalSection
	GlobalSection(ProjectConfigurationPlatforms) = postSolution
		{788EF8D6-019E-4907-B5E9-0CF69DADFE82}.Debug|Any CPU.ActiveCfg = Debug|Any CPU
		{788EF8D6-019E-4907-B5E9-0CF69DADFE82}.Debug|Any CPU.Build.0 = Debug|Any CPU
		{788EF8D6-019E-4907-B5E9-0CF69DADFE82}.Release|Any CPU.ActiveCfg = Release|Any CPU
		{788EF8D6-019E-4907-B5E9-0CF69DADFE82}.Release|Any CPU.Build.0 = Release|Any CPU
	EndGlobalSection
	GlobalSection(SolutionProperties) = preSolution
		HideSolutionNode = FALSE
	EndGlobalSection
	GlobalSection(ExtensibilityGlobals) = postSolution
		SolutionGuid = {54F2018D-DA46-4558-8661-D757B8EB0DA3}
	EndGlobalSection
EndGlobal
